
Microsoft Visual Studio Solution File, Format Version 12.00
# Visual Studio Version 16
VisualStudioVersion = 16.0.29509.3
MinimumVisualStudioVersion = 15.0.26124.0
Project("{2150E333-8FDC-42A3-9474-1A3956D46DE8}") = "Configuration", "Configuration", "{0577A3E6-642A-4865-90E7-70103A1B0880}"
	ProjectSection(SolutionItems) = preProject
		.config\.editorconfig = .config\.editorconfig
		.config\.gitignore = .config\.gitignore
		azure-pipelines.yml = azure-pipelines.yml
		.config\Directory.Build.props = .config\Directory.Build.props
		.config\Directory.Build.targets = .config\Directory.Build.targets
		.config\dotnet.ruleset = .config\dotnet.ruleset
		.config\gulpfile.js = .config\gulpfile.js
		.config\stylecop.json = .config\stylecop.json
	EndProjectSection
EndProject
Project("{2150E333-8FDC-42A3-9474-1A3956D46DE8}") = "src", "src", "{52270E06-D3BB-4B8E-A261-377E460B5FD5}"
EndProject
Project("{2150E333-8FDC-42A3-9474-1A3956D46DE8}") = "tests", "tests", "{4FAAB5E4-2D81-4062-90D2-6F68DF746BD2}"
EndProject
Project("{9A19103F-16F7-4668-BE54-9A1E7A4F7556}") = "PureMapper", "src\PureMapper\PureMapper.csproj", "{1053194D-ACF8-4931-8AE5-5ED574EE0985}"
EndProject
Project("{9A19103F-16F7-4668-BE54-9A1E7A4F7556}") = "PureMapper.Tests", "tests\PureMapper.Tests\PureMapper.Tests.csproj", "{B1482228-E96B-462F-8E80-E5E106C50E01}"
EndProject
Project("{9A19103F-16F7-4668-BE54-9A1E7A4F7556}") = "PureMapper.Persistence", "tests\PureMapper.Persistence\PureMapper.Persistence.csproj", "{AF379F6D-2D34-43C6-BD31-9E248FE95D22}"
EndProject
Project("{9A19103F-16F7-4668-BE54-9A1E7A4F7556}") = "PureMapper.Benchmarks", "tests\PureMapper.Benchmarks\PureMapper.Benchmarks.csproj", "{D467E37A-5663-4934-A4A5-CB0FC5C866D2}"
EndProject
Global
	GlobalSection(SolutionConfigurationPlatforms) = preSolution
		Debug|Any CPU = Debug|Any CPU
		Release|Any CPU = Release|Any CPU
	EndGlobalSection
	GlobalSection(ProjectConfigurationPlatforms) = postSolution
		{1053194D-ACF8-4931-8AE5-5ED574EE0985}.Debug|Any CPU.ActiveCfg = Debug|Any CPU
		{1053194D-ACF8-4931-8AE5-5ED574EE0985}.Debug|Any CPU.Build.0 = Debug|Any CPU
		{1053194D-ACF8-4931-8AE5-5ED574EE0985}.Release|Any CPU.ActiveCfg = Release|Any CPU
		{1053194D-ACF8-4931-8AE5-5ED574EE0985}.Release|Any CPU.Build.0 = Release|Any CPU
		{B1482228-E96B-462F-8E80-E5E106C50E01}.Debug|Any CPU.ActiveCfg = Debug|Any CPU
		{B1482228-E96B-462F-8E80-E5E106C50E01}.Debug|Any CPU.Build.0 = Debug|Any CPU
		{B1482228-E96B-462F-8E80-E5E106C50E01}.Release|Any CPU.ActiveCfg = Release|Any CPU
		{B1482228-E96B-462F-8E80-E5E106C50E01}.Release|Any CPU.Build.0 = Release|Any CPU
		{AF379F6D-2D34-43C6-BD31-9E248FE95D22}.Debug|Any CPU.ActiveCfg = Debug|Any CPU
		{AF379F6D-2D34-43C6-BD31-9E248FE95D22}.Debug|Any CPU.Build.0 = Debug|Any CPU
		{AF379F6D-2D34-43C6-BD31-9E248FE95D22}.Release|Any CPU.ActiveCfg = Release|Any CPU
		{AF379F6D-2D34-43C6-BD31-9E248FE95D22}.Release|Any CPU.Build.0 = Release|Any CPU
		{D467E37A-5663-4934-A4A5-CB0FC5C866D2}.Debug|Any CPU.ActiveCfg = Debug|Any CPU
		{D467E37A-5663-4934-A4A5-CB0FC5C866D2}.Debug|Any CPU.Build.0 = Debug|Any CPU
		{D467E37A-5663-4934-A4A5-CB0FC5C866D2}.Release|Any CPU.ActiveCfg = Release|Any CPU
		{D467E37A-5663-4934-A4A5-CB0FC5C866D2}.Release|Any CPU.Build.0 = Release|Any CPU
	EndGlobalSection
	GlobalSection(SolutionProperties) = preSolution
		HideSolutionNode = FALSE
	EndGlobalSection
	GlobalSection(NestedProjects) = preSolution
		{1053194D-ACF8-4931-8AE5-5ED574EE0985} = {52270E06-D3BB-4B8E-A261-377E460B5FD5}
		{B1482228-E96B-462F-8E80-E5E106C50E01} = {4FAAB5E4-2D81-4062-90D2-6F68DF746BD2}
		{AF379F6D-2D34-43C6-BD31-9E248FE95D22} = {4FAAB5E4-2D81-4062-90D2-6F68DF746BD2}
		{D467E37A-5663-4934-A4A5-CB0FC5C866D2} = {4FAAB5E4-2D81-4062-90D2-6F68DF746BD2}
	EndGlobalSection
	GlobalSection(ExtensibilityGlobals) = postSolution
		SolutionGuid = {51F9BF65-6DFB-4A56-AC1C-EA87B6678C8B}
	EndGlobalSection
EndGlobal
